{
  "name": "@feizheng/ushell-module-rime",
  "version": "1.0.2",
  "lockfileVersion": 1,
  "requires": true,
  "dependencies": {
    "@feizheng/ushell-module-ostype": {
      "version": "1.0.1",
      "resolved": "https://registry.npm.taobao.org/@feizheng/ushell-module-ostype/download/@feizheng/ushell-module-ostype-1.0.1.tgz",
      "integrity": "sha1-o3VYLQHQR8cFDU4Uo1Z0lRl9aKo="
    }
  }
}
